// !$*UTF8*$!
{
	archiveVersion = 1;
	classes = {
	};
	objectVersion = 52;
	objects = {

/* Begin PBXBuildFile section */
		5F10EAA025F4867200E80781 /* AppDelegate.swift in Sources */ = {isa = PBXBuildFile; fileRef = 5F10EA9F25F4867200E80781 /* AppDelegate.swift */; };
		5F10EAA225F4867200E80781 /* SceneDelegate.swift in Sources */ = {isa = PBXBuildFile; fileRef = 5F10EAA125F4867200E80781 /* SceneDelegate.swift */; };
		5F10EAA725F4867200E80781 /* FirePrefect.xcdatamodeld in Sources */ = {isa = PBXBuildFile; fileRef = 5F10EAA525F4867200E80781 /* FirePrefect.xcdatamodeld */; };
		5F10EAA925F4867400E80781 /* Assets.xcassets in Resources */ = {isa = PBXBuildFile; fileRef = 5F10EAA825F4867400E80781 /* Assets.xcassets */; };
		5F10EAAC25F4867400E80781 /* Preview Assets.xcassets in Resources */ = {isa = PBXBuildFile; fileRef = 5F10EAAB25F4867400E80781 /* Preview Assets.xcassets */; };
		5F10EAAF25F4867400E80781 /* LaunchScreen.storyboard in Resources */ = {isa = PBXBuildFile; fileRef = 5F10EAAD25F4867400E80781 /* LaunchScreen.storyboard */; };
		5F10EABA25F4867500E80781 /* FirePrefectTests.swift in Sources */ = {isa = PBXBuildFile; fileRef = 5F10EAB925F4867500E80781 /* FirePrefectTests.swift */; };
		5F10EAC525F4867500E80781 /* FirePrefectUITests.swift in Sources */ = {isa = PBXBuildFile; fileRef = 5F10EAC425F4867500E80781 /* FirePrefectUITests.swift */; };
		5F10EADD25F486C300E80781 /* HomeScreen.swift in Sources */ = {isa = PBXBuildFile; fileRef = 5F10EADC25F486C300E80781 /* HomeScreen.swift */; };
		5F10EAE525F486DF00E80781 /* SignIn_Screen.swift in Sources */ = {isa = PBXBuildFile; fileRef = 5F10EAE425F486DF00E80781 /* SignIn_Screen.swift */; };
		5F10EAEA25F486F000E80781 /* SignUp_Screen.swift in Sources */ = {isa = PBXBuildFile; fileRef = 5F10EAE925F486F000E80781 /* SignUp_Screen.swift */; };
		5F10EAF225F4873200E80781 /* StarterScreen.swift in Sources */ = {isa = PBXBuildFile; fileRef = 5F10EAF125F4873200E80781 /* StarterScreen.swift */; };
		5F10EAF725F4877500E80781 /* User.swift in Sources */ = {isa = PBXBuildFile; fileRef = 5F10EAF625F4877500E80781 /* User.swift */; };
		5F10EAFF25F4878E00E80781 /* SessionStore.swift in Sources */ = {isa = PBXBuildFile; fileRef = 5F10EAFE25F4878E00E80781 /* SessionStore.swift */; };
		5F10EB0425F488C000E80781 /* GoogleService-Info.plist in Resources */ = {isa = PBXBuildFile; fileRef = 5F10EB0325F488C000E80781 /* GoogleService-Info.plist */; };
		5F10EB0D25F48B2800E80781 /* FirebaseAnalytics in Frameworks */ = {isa = PBXBuildFile; productRef = 5F10EB0C25F48B2800E80781 /* FirebaseAnalytics */; };
		5F10EB0F25F48B2800E80781 /* FirebaseCrashlytics in Frameworks */ = {isa = PBXBuildFile; productRef = 5F10EB0E25F48B2800E80781 /* FirebaseCrashlytics */; };
		5F10EB1125F48B2800E80781 /* FirebaseStorage in Frameworks */ = {isa = PBXBuildFile; productRef = 5F10EB1025F48B2800E80781 /* FirebaseStorage */; };
		5F10EB1325F48B2800E80781 /* FirebaseAuth in Frameworks */ = {isa = PBXBuildFile; productRef = 5F10EB1225F48B2800E80781 /* FirebaseAuth */; };
		5F10EB1525F48B2800E80781 /* FirebaseStorageSwift-Beta in Frameworks */ = {isa = PBXBuildFile; productRef = 5F10EB1425F48B2800E80781 /* FirebaseStorageSwift-Beta */; };
		5F10EB1725F48B2800E80781 /* FirebaseDatabase in Frameworks */ = {isa = PBXBuildFile; productRef = 5F10EB1625F48B2800E80781 /* FirebaseDatabase */; };
/* End PBXBuildFile section */

/* Begin PBXContainerItemProxy section */
		5F10EAB625F4867500E80781 /* PBXContainerItemProxy */ = {
			isa = PBXContainerItemProxy;
			containerPortal = 5F10EA9425F4867100E80781 /* Project object */;
			proxyType = 1;
			remoteGlobalIDString = 5F10EA9B25F4867100E80781;
			remoteInfo = FirePrefect;
		};
		5F10EAC125F4867500E80781 /* PBXContainerItemProxy */ = {
			isa = PBXContainerItemProxy;
			containerPortal = 5F10EA9425F4867100E80781 /* Project object */;
			proxyType = 1;
			remoteGlobalIDString = 5F10EA9B25F4867100E80781;
			remoteInfo = FirePrefect;
		};
/* End PBXContainerItemProxy section */

/* Begin PBXFileReference section */
		5F10EA9C25F4867200E80781 /* FirePrefect.app */ = {isa = PBXFileReference; explicitFileType = wrapper.application; includeInIndex = 0; path = FirePrefect.app; sourceTree = BUILT_PRODUCTS_DIR; };
		5F10EA9F25F4867200E80781 /* AppDelegate.swift */ = {isa = PBXFileReference; lastKnownFileType = sourcecode.swift; path = AppDelegate.swift; sourceTree = "<group>"; };
		5F10EAA125F4867200E80781 /* SceneDelegate.swift */ = {isa = PBXFileReference; lastKnownFileType = sourcecode.swift; path = SceneDelegate.swift; sourceTree = "<group>"; };
		5F10EAA625F4867200E80781 /* FirePrefect.xcdatamodel */ = {isa = PBXFileReference; lastKnownFileType = wrapper.xcdatamodel; path = FirePrefect.xcdatamodel; sourceTree = "<group>"; };
		5F10EAA825F4867400E80781 /* Assets.xcassets */ = {isa = PBXFileReference; lastKnownFileType = folder.assetcatalog; path = Assets.xcassets; sourceTree = "<group>"; };
		5F10EAAB25F4867400E80781 /* Preview Assets.xcassets */ = {isa = PBXFileReference; lastKnownFileType = folder.assetcatalog; path = "Preview Assets.xcassets"; sourceTree = "<group>"; };
		5F10EAAE25F4867400E80781 /* Base */ = {isa = PBXFileReference; lastKnownFileType = file.storyboard; name = Base; path = Base.lproj/LaunchScreen.storyboard; sourceTree = "<group>"; };
		5F10EAB025F4867400E80781 /* Info.plist */ = {isa = PBXFileReference; lastKnownFileType = text.plist.xml; path = Info.plist; sourceTree = "<group>"; };
		5F10EAB525F4867500E80781 /* FirePrefectTests.xctest */ = {isa = PBXFileReference; explicitFileType = wrapper.cfbundle; includeInIndex = 0; path = FirePrefectTests.xctest; sourceTree = BUILT_PRODUCTS_DIR; };
		5F10EAB925F4867500E80781 /* FirePrefectTests.swift */ = {isa = PBXFileReference; lastKnownFileType = sourcecode.swift; path = FirePrefectTests.swift; sourceTree = "<group>"; };
		5F10EABB25F4867500E80781 /* Info.plist */ = {isa = PBXFileReference; lastKnownFileType = text.plist.xml; path = Info.plist; sourceTree = "<group>"; };
		5F10EAC025F4867500E80781 /* FirePrefectUITests.xctest */ = {isa = PBXFileReference; explicitFileType = wrapper.cfbundle; includeInIndex = 0; path = FirePrefectUITests.xctest; sourceTree = BUILT_PRODUCTS_DIR; };
		5F10EAC425F4867500E80781 /* FirePrefectUITests.swift */ = {isa = PBXFileReference; lastKnownFileType = sourcecode.swift; path = FirePrefectUITests.swift; sourceTree = "<group>"; };
		5F10EAC625F4867500E80781 /* Info.plist */ = {isa = PBXFileReference; lastKnownFileType = text.plist.xml; path = Info.plist; sourceTree = "<group>"; };
		5F10EADC25F486C300E80781 /* HomeScreen.swift */ = {isa = PBXFileReference; lastKnownFileType = sourcecode.swift; path = HomeScreen.swift; sourceTree = "<group>"; };
		5F10EAE425F486DF00E80781 /* SignIn_Screen.swift */ = {isa = PBXFileReference; lastKnownFileType = sourcecode.swift; path = SignIn_Screen.swift; sourceTree = "<group>"; };
		5F10EAE925F486F000E80781 /* SignUp_Screen.swift */ = {isa = PBXFileReference; lastKnownFileType = sourcecode.swift; path = SignUp_Screen.swift; sourceTree = "<group>"; };
		5F10EAF125F4873200E80781 /* StarterScreen.swift */ = {isa = PBXFileReference; lastKnownFileType = sourcecode.swift; path = StarterScreen.swift; sourceTree = "<group>"; };
		5F10EAF625F4877500E80781 /* User.swift */ = {isa = PBXFileReference; lastKnownFileType = sourcecode.swift; path = User.swift; sourceTree = "<group>"; };
		5F10EAFE25F4878E00E80781 /* SessionStore.swift */ = {isa = PBXFileReference; lastKnownFileType = sourcecode.swift; path = SessionStore.swift; sourceTree = "<group>"; };
		5F10EB0325F488C000E80781 /* GoogleService-Info.plist */ = {isa = PBXFileReference; fileEncoding = 4; lastKnownFileType = text.plist.xml; path = "GoogleService-Info.plist"; sourceTree = "<group>"; };
/* End PBXFileReference section */

/* Begin PBXFrameworksBuildPhase section */
		5F10EA9925F4867100E80781 /* Frameworks */ = {
			isa = PBXFrameworksBuildPhase;
			buildActionMask = 2147483647;
			files = (
				5F10EB1725F48B2800E80781 /* FirebaseDatabase in Frameworks */,
				5F10EB1525F48B2800E80781 /* FirebaseStorageSwift-Beta in Frameworks */,
				5F10EB0D25F48B2800E80781 /* FirebaseAnalytics in Frameworks */,
				5F10EB0F25F48B2800E80781 /* FirebaseCrashlytics in Frameworks */,
				5F10EB1125F48B2800E80781 /* FirebaseStorage in Frameworks */,
				5F10EB1325F48B2800E80781 /* FirebaseAuth in Frameworks */,
			);
			runOnlyForDeploymentPostprocessing = 0;
		};
		5F10EAB225F4867500E80781 /* Frameworks */ = {
			isa = PBXFrameworksBuildPhase;
			buildActionMask = 2147483647;
			files = (
			);
			runOnlyForDeploymentPostprocessing = 0;
		};
		5F10EABD25F4867500E80781 /* Frameworks */ = {
			isa = PBXFrameworksBuildPhase;
			buildActionMask = 2147483647;
			files = (
			);
			runOnlyForDeploymentPostprocessing = 0;
		};
/* End PBXFrameworksBuildPhase section */

/* Begin PBXGroup section */
		5F10EA9325F4867100E80781 = {
			isa = PBXGroup;
			children = (
				5F10EA9E25F4867200E80781 /* FirePrefect */,
				5F10EAB825F4867500E80781 /* FirePrefectTests */,
				5F10EAC325F4867500E80781 /* FirePrefectUITests */,
				5F10EA9D25F4867200E80781 /* Products */,
			);
			sourceTree = "<group>";
		};
		5F10EA9D25F4867200E80781 /* Products */ = {
			isa = PBXGroup;
			children = (
				5F10EA9C25F4867200E80781 /* FirePrefect.app */,
				5F10EAB525F4867500E80781 /* FirePrefectTests.xctest */,
				5F10EAC025F4867500E80781 /* FirePrefectUITests.xctest */,
			);
			name = Products;
			sourceTree = "<group>";
		};
		5F10EA9E25F4867200E80781 /* FirePrefect */ = {
			isa = PBXGroup;
			children = (
				5F10EADB25F486A200E80781 /* apputils */,
				5F10EAD725F4868800E80781 /* networking */,
				5F10EAD625F4868600E80781 /* models */,
				5F10EAD525F4868300E80781 /* screens */,
				5F10EA9F25F4867200E80781 /* AppDelegate.swift */,
				5F10EAA125F4867200E80781 /* SceneDelegate.swift */,
				5F10EAB025F4867400E80781 /* Info.plist */,
				5F10EB0325F488C000E80781 /* GoogleService-Info.plist */,
				5F10EAAA25F4867400E80781 /* Preview Content */,
			);
			path = FirePrefect;
			sourceTree = "<group>";
		};
		5F10EAAA25F4867400E80781 /* Preview Content */ = {
			isa = PBXGroup;
			children = (
				5F10EAAB25F4867400E80781 /* Preview Assets.xcassets */,
			);
			path = "Preview Content";
			sourceTree = "<group>";
		};
		5F10EAB825F4867500E80781 /* FirePrefectTests */ = {
			isa = PBXGroup;
			children = (
				5F10EAB925F4867500E80781 /* FirePrefectTests.swift */,
				5F10EABB25F4867500E80781 /* Info.plist */,
			);
			path = FirePrefectTests;
			sourceTree = "<group>";
		};
		5F10EAC325F4867500E80781 /* FirePrefectUITests */ = {
			isa = PBXGroup;
			children = (
				5F10EAC425F4867500E80781 /* FirePrefectUITests.swift */,
				5F10EAC625F4867500E80781 /* Info.plist */,
			);
			path = FirePrefectUITests;
			sourceTree = "<group>";
		};
		5F10EAD525F4868300E80781 /* screens */ = {
			isa = PBXGroup;
			children = (
				5F10EAF125F4873200E80781 /* StarterScreen.swift */,
				5F10EADC25F486C300E80781 /* HomeScreen.swift */,
				5F10EAE425F486DF00E80781 /* SignIn_Screen.swift */,
				5F10EAE925F486F000E80781 /* SignUp_Screen.swift */,
			);
			path = screens;
			sourceTree = "<group>";
		};
		5F10EAD625F4868600E80781 /* models */ = {
			isa = PBXGroup;
			children = (
				5F10EAF625F4877500E80781 /* User.swift */,
			);
			path = models;
			sourceTree = "<group>";
		};
		5F10EAD725F4868800E80781 /* networking */ = {
			isa = PBXGroup;
			children = (
				5F10EAFE25F4878E00E80781 /* SessionStore.swift */,
			);
			path = networking;
			sourceTree = "<group>";
		};
		5F10EADB25F486A200E80781 /* apputils */ = {
			isa = PBXGroup;
			children = (
				5F10EAA825F4867400E80781 /* Assets.xcassets */,
				5F10EAAD25F4867400E80781 /* LaunchScreen.storyboard */,
				5F10EAA525F4867200E80781 /* FirePrefect.xcdatamodeld */,
			);
			path = apputils;
			sourceTree = "<group>";
		};
/* End PBXGroup section */

/* Begin PBXNativeTarget section */
		5F10EA9B25F4867100E80781 /* FirePrefect */ = {
			isa = PBXNativeTarget;
			buildConfigurationList = 5F10EAC925F4867500E80781 /* Build configuration list for PBXNativeTarget "FirePrefect" */;
			buildPhases = (
				5F10EA9825F4867100E80781 /* Sources */,
				5F10EA9925F4867100E80781 /* Frameworks */,
				5F10EA9A25F4867100E80781 /* Resources */,
			);
			buildRules = (
			);
			dependencies = (
			);
			name = FirePrefect;
			packageProductDependencies = (
				5F10EB0C25F48B2800E80781 /* FirebaseAnalytics */,
				5F10EB0E25F48B2800E80781 /* FirebaseCrashlytics */,
				5F10EB1025F48B2800E80781 /* FirebaseStorage */,
				5F10EB1225F48B2800E80781 /* FirebaseAuth */,
				5F10EB1425F48B2800E80781 /* FirebaseStorageSwift-Beta */,
				5F10EB1625F48B2800E80781 /* FirebaseDatabase */,
			);
			productName = FirePrefect;
			productReference = 5F10EA9C25F4867200E80781 /* FirePrefect.app */;
			productType = "com.apple.product-type.application";
		};
		5F10EAB425F4867500E80781 /* FirePrefectTests */ = {
			isa = PBXNativeTarget;
			buildConfigurationList = 5F10EACC25F4867500E80781 /* Build configuration list for PBXNativeTarget "FirePrefectTests" */;
			buildPhases = (
				5F10EAB125F4867500E80781 /* Sources */,
				5F10EAB225F4867500E80781 /* Frameworks */,
				5F10EAB325F4867500E80781 /* Resources */,
			);
			buildRules = (
			);
			dependencies = (
				5F10EAB725F4867500E80781 /* PBXTargetDependency */,
			);
			name = FirePrefectTests;
			productName = FirePrefectTests;
			productReference = 5F10EAB525F4867500E80781 /* FirePrefectTests.xctest */;
			productType = "com.apple.product-type.bundle.unit-test";
		};
		5F10EABF25F4867500E80781 /* FirePrefectUITests */ = {
			isa = PBXNativeTarget;
			buildConfigurationList = 5F10EACF25F4867500E80781 /* Build configuration list for PBXNativeTarget "FirePrefectUITests" */;
			buildPhases = (
				5F10EABC25F4867500E80781 /* Sources */,
				5F10EABD25F4867500E80781 /* Frameworks */,
				5F10EABE25F4867500E80781 /* Resources */,
			);
			buildRules = (
			);
			dependencies = (
				5F10EAC225F4867500E80781 /* PBXTargetDependency */,
			);
			name = FirePrefectUITests;
			productName = FirePrefectUITests;
			productReference = 5F10EAC025F4867500E80781 /* FirePrefectUITests.xctest */;
			productType = "com.apple.product-type.bundle.ui-testing";
		};
/* End PBXNativeTarget section */

/* Begin PBXProject section */
		5F10EA9425F4867100E80781 /* Project object */ = {
			isa = PBXProject;
			attributes = {
				LastSwiftUpdateCheck = 1230;
				LastUpgradeCheck = 1230;
				TargetAttributes = {
					5F10EA9B25F4867100E80781 = {
						CreatedOnToolsVersion = 12.3;
					};
					5F10EAB425F4867500E80781 = {
						CreatedOnToolsVersion = 12.3;
						TestTargetID = 5F10EA9B25F4867100E80781;
					};
					5F10EABF25F4867500E80781 = {
						CreatedOnToolsVersion = 12.3;
						TestTargetID = 5F10EA9B25F4867100E80781;
					};
				};
			};
			buildConfigurationList = 5F10EA9725F4867100E80781 /* Build configuration list for PBXProject "FirePrefect" */;
			compatibilityVersion = "Xcode 9.3";
			developmentRegion = en;
			hasScannedForEncodings = 0;
			knownRegions = (
				en,
				Base,
			);
			mainGroup = 5F10EA9325F4867100E80781;
			packageReferences = (
				5F10EB0B25F48B2800E80781 /* XCRemoteSwiftPackageReference "firebase-ios-sdk" */,
			);
			productRefGroup = 5F10EA9D25F4867200E80781 /* Products */;
			projectDirPath = "";
			projectRoot = "";
			targets = (
				5F10EA9B25F4867100E80781 /* FirePrefect */,
				5F10EAB425F4867500E80781 /* FirePrefectTests */,
				5F10EABF25F4867500E80781 /* FirePrefectUITests */,
			);
		};
/* End PBXProject section */

/* Begin PBXResourcesBuildPhase section */
		5F10EA9A25F4867100E80781 /* Resources */ = {
			isa = PBXResourcesBuildPhase;
			buildActionMask = 2147483647;
			files = (
				5F10EAAF25F4867400E80781 /* LaunchScreen.storyboard in Resources */,
				5F10EAAC25F4867400E80781 /* Preview Assets.xcassets in Resources */,
				5F10EAA925F4867400E80781 /* Assets.xcassets in Resources */,
				5F10EB0425F488C000E80781 /* GoogleService-Info.plist in Resources */,
			);
			runOnlyForDeploymentPostprocessing = 0;
		};
		5F10EAB325F4867500E80781 /* Resources */ = {
			isa = PBXResourcesBuildPhase;
			buildActionMask = 2147483647;
			files = (
			);
			runOnlyForDeploymentPostprocessing = 0;
		};
		5F10EABE25F4867500E80781 /* Resources */ = {
			isa = PBXResourcesBuildPhase;
			buildActionMask = 2147483647;
			files = (
			);
			runOnlyForDeploymentPostprocessing = 0;
		};
/* End PBXResourcesBuildPhase section */

/* Begin PBXSourcesBuildPhase section */
		5F10EA9825F4867100E80781 /* Sources */ = {
			isa = PBXSourcesBuildPhase;
			buildActionMask = 2147483647;
			files = (
				5F10EAA025F4867200E80781 /* AppDelegate.swift in Sources */,
				5F10EAE525F486DF00E80781 /* SignIn_Screen.swift in Sources */,
				5F10EAF225F4873200E80781 /* StarterScreen.swift in Sources */,
				5F10EADD25F486C300E80781 /* HomeScreen.swift in Sources */,
				5F10EAF725F4877500E80781 /* User.swift in Sources */,
				5F10EAFF25F4878E00E80781 /* SessionStore.swift in Sources */,
				5F10EAA225F4867200E80781 /* SceneDelegate.swift in Sources */,
				5F10EAEA25F486F000E80781 /* SignUp_Screen.swift in Sources */,
				5F10EAA725F4867200E80781 /* FirePrefect.xcdatamodeld in Sources */,
			);
			runOnlyForDeploymentPostprocessing = 0;
		};
		5F10EAB125F4867500E80781 /* Sources */ = {
			isa = PBXSourcesBuildPhase;
			buildActionMask = 2147483647;
			files = (
				5F10EABA25F4867500E80781 /* FirePrefectTests.swift in Sources */,
			);
			runOnlyForDeploymentPostprocessing = 0;
		};
		5F10EABC25F4867500E80781 /* Sources */ = {
			isa = PBXSourcesBuildPhase;
			buildActionMask = 2147483647;
			files = (
				5F10EAC525F4867500E80781 /* FirePrefectUITests.swift in Sources */,
			);
			runOnlyForDeploymentPostprocessing = 0;
		};
/* End PBXSourcesBuildPhase section */

/* Begin PBXTargetDependency section */
		5F10EAB725F4867500E80781 /* PBXTargetDependency */ = {
			isa = PBXTargetDependency;
			target = 5F10EA9B25F4867100E80781 /* FirePrefect */;
			targetProxy = 5F10EAB625F4867500E80781 /* PBXContainerItemProxy */;
		};
		5F10EAC225F4867500E80781 /* PBXTargetDependency */ = {
			isa = PBXTargetDependency;
			target = 5F10EA9B25F4867100E80781 /* FirePrefect */;
			targetProxy = 5F10EAC125F4867500E80781 /* PBXContainerItemProxy */;
		};
/* End PBXTargetDependency section */

/* Begin PBXVariantGroup section */
		5F10EAAD25F4867400E80781 /* LaunchScreen.storyboard */ = {
			isa = PBXVariantGroup;
			children = (
				5F10EAAE25F4867400E80781 /* Base */,
			);
			name = LaunchScreen.storyboard;
			sourceTree = "<group>";
		};
/* End PBXVariantGroup section */

/* Begin XCBuildConfiguration section */
		5F10EAC725F4867500E80781 /* Debug */ = {
			isa = XCBuildConfiguration;
			buildSettings = {
				ALWAYS_SEARCH_USER_PATHS = NO;
				CLANG_ANALYZER_NONNULL = YES;
				CLANG_ANALYZER_NUMBER_OBJECT_CONVERSION = YES_AGGRESSIVE;
				CLANG_CXX_LANGUAGE_STANDARD = "gnu++14";
				CLANG_CXX_LIBRARY = "libc++";
				CLANG_ENABLE_MODULES = YES;
				CLANG_ENABLE_OBJC_ARC = YES;
				CLANG_ENABLE_OBJC_WEAK = YES;
				CLANG_WARN_BLOCK_CAPTURE_AUTORELEASING = YES;
				CLANG_WARN_BOOL_CONVERSION = YES;
				CLANG_WARN_COMMA = YES;
				CLANG_WARN_CONSTANT_CONVERSION = YES;
				CLANG_WARN_DEPRECATED_OBJC_IMPLEMENTATIONS = YES;
				CLANG_WARN_DIRECT_OBJC_ISA_USAGE = YES_ERROR;
				CLANG_WARN_DOCUMENTATION_COMMENTS = YES;
				CLANG_WARN_EMPTY_BODY = YES;
				CLANG_WARN_ENUM_CONVERSION = YES;
				CLANG_WARN_INFINITE_RECURSION = YES;
				CLANG_WARN_INT_CONVERSION = YES;
				CLANG_WARN_NON_LITERAL_NULL_CONVERSION = YES;
				CLANG_WARN_OBJC_IMPLICIT_RETAIN_SELF = YES;
				CLANG_WARN_OBJC_LITERAL_CONVERSION = YES;
				CLANG_WARN_OBJC_ROOT_CLASS = YES_ERROR;
				CLANG_WARN_QUOTED_INCLUDE_IN_FRAMEWORK_HEADER = YES;
				CLANG_WARN_RANGE_LOOP_ANALYSIS = YES;
				CLANG_WARN_STRICT_PROTOTYPES = YES;
				CLANG_WARN_SUSPICIOUS_MOVE = YES;
				CLANG_WARN_UNGUARDED_AVAILABILITY = YES_AGGRESSIVE;
				CLANG_WARN_UNREACHABLE_CODE = YES;
				CLANG_WARN__DUPLICATE_METHOD_MATCH = YES;
				COPY_PHASE_STRIP = NO;
				DEBUG_INFORMATION_FORMAT = dwarf;
				ENABLE_STRICT_OBJC_MSGSEND = YES;
				ENABLE_TESTABILITY = YES;
				GCC_C_LANGUAGE_STANDARD = gnu11;
				GCC_DYNAMIC_NO_PIC = NO;
				GCC_NO_COMMON_BLOCKS = YES;
				GCC_OPTIMIZATION_LEVEL = 0;
				GCC_PREPROCESSOR_DEFINITIONS = (
					"DEBUG=1",
					"$(inherited)",
				);
				GCC_WARN_64_TO_32_BIT_CONVERSION = YES;
				GCC_WARN_ABOUT_RETURN_TYPE = YES_ERROR;
				GCC_WARN_UNDECLARED_SELECTOR = YES;
				GCC_WARN_UNINITIALIZED_AUTOS = YES_AGGRESSIVE;
				GCC_WARN_UNUSED_FUNCTION = YES;
				GCC_WARN_UNUSED_VARIABLE = YES;
				IPHONEOS_DEPLOYMENT_TARGET = 14.3;
				MTL_ENABLE_DEBUG_INFO = INCLUDE_SOURCE;
				MTL_FAST_MATH = YES;
				ONLY_ACTIVE_ARCH = YES;
				SDKROOT = iphoneos;
				SWIFT_ACTIVE_COMPILATION_CONDITIONS = DEBUG;
				SWIFT_OPTIMIZATION_LEVEL = "-Onone";
			};
			name = Debug;
		};
		5F10EAC825F4867500E80781 /* Release */ = {
			isa = XCBuildConfiguration;
			buildSettings = {
				ALWAYS_SEARCH_USER_PATHS = NO;
				CLANG_ANALYZER_NONNULL = YES;
				CLANG_ANALYZER_NUMBER_OBJECT_CONVERSION = YES_AGGRESSIVE;
				CLANG_CXX_LANGUAGE_STANDARD = "gnu++14";
				CLANG_CXX_LIBRARY = "libc++";
				CLANG_ENABLE_MODULES = YES;
				CLANG_ENABLE_OBJC_ARC = YES;
				CLANG_ENABLE_OBJC_WEAK = YES;
				CLANG_WARN_BLOCK_CAPTURE_AUTORELEASING = YES;
				CLANG_WARN_BOOL_CONVERSION = YES;
				CLANG_WARN_COMMA = YES;
				CLANG_WARN_CONSTANT_CONVERSION = YES;
				CLANG_WARN_DEPRECATED_OBJC_IMPLEMENTATIONS = YES;
				CLANG_WARN_DIRECT_OBJC_ISA_USAGE = YES_ERROR;
				CLANG_WARN_DOCUMENTATION_COMMENTS = YES;
				CLANG_WARN_EMPTY_BODY = YES;
				CLANG_WARN_ENUM_CONVERSION = YES;
				CLANG_WARN_INFINITE_RECURSION = YES;
				CLANG_WARN_INT_CONVERSION = YES;
				CLANG_WARN_NON_LITERAL_NULL_CONVERSION = YES;
				CLANG_WARN_OBJC_IMPLICIT_RETAIN_SELF = YES;
				CLANG_WARN_OBJC_LITERAL_CONVERSION = YES;
				CLANG_WARN_OBJC_ROOT_CLASS = YES_ERROR;
				CLANG_WARN_QUOTED_INCLUDE_IN_FRAMEWORK_HEADER = YES;
				CLANG_WARN_RANGE_LOOP_ANALYSIS = YES;
				CLANG_WARN_STRICT_PROTOTYPES = YES;
				CLANG_WARN_SUSPICIOUS_MOVE = YES;
				CLANG_WARN_UNGUARDED_AVAILABILITY = YES_AGGRESSIVE;
				CLANG_WARN_UNREACHABLE_CODE = YES;
				CLANG_WARN__DUPLICATE_METHOD_MATCH = YES;
				COPY_PHASE_STRIP = NO;
				DEBUG_INFORMATION_FORMAT = "dwarf-with-dsym";
				ENABLE_NS_ASSERTIONS = NO;
				ENABLE_STRICT_OBJC_MSGSEND = YES;
				GCC_C_LANGUAGE_STANDARD = gnu11;
				GCC_NO_COMMON_BLOCKS = YES;
				GCC_WARN_64_TO_32_BIT_CONVERSION = YES;
				GCC_WARN_ABOUT_RETURN_TYPE = YES_ERROR;
				GCC_WARN_UNDECLARED_SELECTOR = YES;
				GCC_WARN_UNINITIALIZED_AUTOS = YES_AGGRESSIVE;
				GCC_WARN_UNUSED_FUNCTION = YES;
				GCC_WARN_UNUSED_VARIABLE = YES;
				IPHONEOS_DEPLOYMENT_TARGET = 14.3;
				MTL_ENABLE_DEBUG_INFO = NO;
				MTL_FAST_MATH = YES;
				SDKROOT = iphoneos;
				SWIFT_COMPILATION_MODE = wholemodule;
				SWIFT_OPTIMIZATION_LEVEL = "-O";
				VALIDATE_PRODUCT = YES;
			};
			name = Release;
		};
		5F10EACA25F4867500E80781 /* Debug */ = {
			isa = XCBuildConfiguration;
			buildSettings = {
				ASSETCATALOG_COMPILER_APPICON_NAME = AppIcon;
				ASSETCATALOG_COMPILER_GLOBAL_ACCENT_COLOR_NAME = AccentColor;
				CODE_SIGN_STYLE = Automatic;
				DEVELOPMENT_ASSET_PATHS = "\"FirePrefect/Preview Content\"";
				ENABLE_PREVIEWS = YES;
				INFOPLIST_FILE = FirePrefect/Info.plist;
				LD_RUNPATH_SEARCH_PATHS = (
					"$(inherited)",
					"@executable_path/Frameworks",
				);
				PRODUCT_BUNDLE_IDENTIFIER = "mrdunacdtm-gmail.com.FirePrefect";
				PRODUCT_NAME = "$(TARGET_NAME)";
				SWIFT_VERSION = 5.0;
				TARGETED_DEVICE_FAMILY = "1,2";
			};
			name = Debug;
		};
		5F10EACB25F4867500E80781 /* Release */ = {
			isa = XCBuildConfiguration;
			buildSettings = {
				ASSETCATALOG_COMPILER_APPICON_NAME = AppIcon;
				ASSETCATALOG_COMPILER_GLOBAL_ACCENT_COLOR_NAME = AccentColor;
				CODE_SIGN_STYLE = Automatic;
				DEVELOPMENT_ASSET_PATHS = "\"FirePrefect/Preview Content\"";
				ENABLE_PREVIEWS = YES;
				INFOPLIST_FILE = FirePrefect/Info.plist;
				LD_RUNPATH_SEARCH_PATHS = (
					"$(inherited)",
					"@executable_path/Frameworks",
				);
				PRODUCT_BUNDLE_IDENTIFIER = "mrdunacdtm-gmail.com.FirePrefect";
				PRODUCT_NAME = "$(TARGET_NAME)";
				SWIFT_VERSION = 5.0;
				TARGETED_DEVICE_FAMILY = "1,2";
			};
			name = Release;
		};
		5F10EACD25F4867500E80781 /* Debug */ = {
			isa = XCBuildConfiguration;
			buildSettings = {
				ALWAYS_EMBED_SWIFT_STANDARD_LIBRARIES = YES;
				BUNDLE_LOADER = "$(TEST_HOST)";
				CODE_SIGN_STYLE = Automatic;
				INFOPLIST_FILE = FirePrefectTests/Info.plist;
				IPHONEOS_DEPLOYMENT_TARGET = 14.3;
				LD_RUNPATH_SEARCH_PATHS = (
					"$(inherited)",
					"@executable_path/Frameworks",
					"@loader_path/Frameworks",
				);
				PRODUCT_BUNDLE_IDENTIFIER = "mrdunacdtm-gmail.com.FirePrefectTests";
				PRODUCT_NAME = "$(TARGET_NAME)";
				SWIFT_VERSION = 5.0;
				TARGETED_DEVICE_FAMILY = "1,2";
				TEST_HOST = "$(BUILT_PRODUCTS_DIR)/FirePrefect.app/FirePrefect";
			};
			name = Debug;
		};
		5F10EACE25F4867500E80781 /* Release */ = {
			isa = XCBuildConfiguration;
			buildSettings = {
				ALWAYS_EMBED_SWIFT_STANDARD_LIBRARIES = YES;
				BUNDLE_LOADER = "$(TEST_HOST)";
				CODE_SIGN_STYLE = Automatic;
				INFOPLIST_FILE = FirePrefectTests/Info.plist;
				IPHONEOS_DEPLOYMENT_TARGET = 14.3;
				LD_RUNPATH_SEARCH_PATHS = (
					"$(inherited)",
					"@executable_path/Frameworks",
					"@loader_path/Frameworks",
				);
				PRODUCT_BUNDLE_IDENTIFIER = "mrdunacdtm-gmail.com.FirePrefectTests";
				PRODUCT_NAME = "$(TARGET_NAME)";
				SWIFT_VERSION = 5.0;
				TARGETED_DEVICE_FAMILY = "1,2";
				TEST_HOST = "$(BUILT_PRODUCTS_DIR)/FirePrefect.app/FirePrefect";
			};
			name = Release;
		};
		5F10EAD025F4867500E80781 /* Debug */ = {
			isa = XCBuildConfiguration;
			buildSettings = {
				ALWAYS_EMBED_SWIFT_STANDARD_LIBRARIES = YES;
				CODE_SIGN_STYLE = Automatic;
				INFOPLIST_FILE = FirePrefectUITests/Info.plist;
				LD_RUNPATH_SEARCH_PATHS = (
					"$(inherited)",
					"@executable_path/Frameworks",
					"@loader_path/Frameworks",
				);
				PRODUCT_BUNDLE_IDENTIFIER = "mrdunacdtm-gmail.com.FirePrefectUITests";
				PRODUCT_NAME = "$(TARGET_NAME)";
				SWIFT_VERSION = 5.0;
				TARGETED_DEVICE_FAMILY = "1,2";
				TEST_TARGET_NAME = FirePrefect;
			};
			name = Debug;
		};
		5F10EAD125F4867500E80781 /* Release */ = {
			isa = XCBuildConfiguration;
			buildSettings = {
				ALWAYS_EMBED_SWIFT_STANDARD_LIBRARIES = YES;
				CODE_SIGN_STYLE = Automatic;
				INFOPLIST_FILE = FirePrefectUITests/Info.plist;
				LD_RUNPATH_SEARCH_PATHS = (
					"$(inherited)",
					"@executable_path/Frameworks",
					"@loader_path/Frameworks",
				);
				PRODUCT_BUNDLE_IDENTIFIER = "mrdunacdtm-gmail.com.FirePrefectUITests";
				PRODUCT_NAME = "$(TARGET_NAME)";
				SWIFT_VERSION = 5.0;
				TARGETED_DEVICE_FAMILY = "1,2";
				TEST_TARGET_NAME = FirePrefect;
			};
			name = Release;
		};
/* End XCBuildConfiguration section */

/* Begin XCConfigurationList section */
		5F10EA9725F4867100E80781 /* Build configuration list for PBXProject "FirePrefect" */ = {
			isa = XCConfigurationList;
			buildConfigurations = (
				5F10EAC725F4867500E80781 /* Debug */,
				5F10EAC825F4867500E80781 /* Release */,
			);
			defaultConfigurationIsVisible = 0;
			defaultConfigurationName = Release;
		};
		5F10EAC925F4867500E80781 /* Build configuration list for PBXNativeTarget "FirePrefect" */ = {
			isa = XCConfigurationList;
			buildConfigurations = (
				5F10EACA25F4867500E80781 /* Debug */,
				5F10EACB25F4867500E80781 /* Release */,
			);
			defaultConfigurationIsVisible = 0;
			defaultConfigurationName = Release;
		};
		5F10EACC25F4867500E80781 /* Build configuration list for PBXNativeTarget "FirePrefectTests" */ = {
			isa = XCConfigurationList;
			buildConfigurations = (
				5F10EACD25F4867500E80781 /* Debug */,
				5F10EACE25F4867500E80781 /* Release */,
			);
			defaultConfigurationIsVisible = 0;
			defaultConfigurationName = Release;
		};
		5F10EACF25F4867500E80781 /* Build configuration list for PBXNativeTarget "FirePrefectUITests" */ = {
			isa = XCConfigurationList;
			buildConfigurations = (
				5F10EAD025F4867500E80781 /* Debug */,
				5F10EAD125F4867500E80781 /* Release */,
			);
			defaultConfigurationIsVisible = 0;
			defaultConfigurationName = Release;
		};
/* End XCConfigurationList section */

/* Begin XCRemoteSwiftPackageReference section */
		5F10EB0B25F48B2800E80781 /* XCRemoteSwiftPackageReference "firebase-ios-sdk" */ = {
			isa = XCRemoteSwiftPackageReference;
			repositoryURL = "https://github.com/firebase/firebase-ios-sdk.git";
			requirement = {
				kind = upToNextMajorVersion;
				minimumVersion = 7.7.0;
			};
		};
/* End XCRemoteSwiftPackageReference section */

/* Begin XCSwiftPackageProductDependency section */
		5F10EB0C25F48B2800E80781 /* FirebaseAnalytics */ = {
			isa = XCSwiftPackageProductDependency;
			package = 5F10EB0B25F48B2800E80781 /* XCRemoteSwiftPackageReference "firebase-ios-sdk" */;
			productName = FirebaseAnalytics;
		};
		5F10EB0E25F48B2800E80781 /* FirebaseCrashlytics */ = {
			isa = XCSwiftPackageProductDependency;
			package = 5F10EB0B25F48B2800E80781 /* XCRemoteSwiftPackageReference "firebase-ios-sdk" */;
			productName = FirebaseCrashlytics;
		};
		5F10EB1025F48B2800E80781 /* FirebaseStorage */ = {
			isa = XCSwiftPackageProductDependency;
			package = 5F10EB0B25F48B2800E80781 /* XCRemoteSwiftPackageReference "firebase-ios-sdk" */;
			productName = FirebaseStorage;
		};
		5F10EB1225F48B2800E80781 /* FirebaseAuth */ = {
			isa = XCSwiftPackageProductDependency;
			package = 5F10EB0B25F48B2800E80781 /* XCRemoteSwiftPackageReference "firebase-ios-sdk" */;
			productName = FirebaseAuth;
		};
		5F10EB1425F48B2800E80781 /* FirebaseStorageSwift-Beta */ = {
			isa = XCSwiftPackageProductDependency;
			package = 5F10EB0B25F48B2800E80781 /* XCRemoteSwiftPackageReference "firebase-ios-sdk" */;
			productName = "FirebaseStorageSwift-Beta";
		};
		5F10EB1625F48B2800E80781 /* FirebaseDatabase */ = {
			isa = XCSwiftPackageProductDependency;
			package = 5F10EB0B25F48B2800E80781 /* XCRemoteSwiftPackageReference "firebase-ios-sdk" */;
			productName = FirebaseDatabase;
		};
/* End XCSwiftPackageProductDependency section */

/* Begin XCVersionGroup section */
		5F10EAA525F4867200E80781 /* FirePrefect.xcdatamodeld */ = {
			isa = XCVersionGroup;
			children = (
				5F10EAA625F4867200E80781 /* FirePrefect.xcdatamodel */,
			);
			currentVersion = 5F10EAA625F4867200E80781 /* FirePrefect.xcdatamodel */;
			path = FirePrefect.xcdatamodeld;
			sourceTree = "<group>";
			versionGroupType = wrapper.xcdatamodel;
		};
/* End XCVersionGroup section */
	};
	rootObject = 5F10EA9425F4867100E80781 /* Project object */;
}
